// !$*UTF8*$!
{
	archiveVersion = 1;
	classes = {
	};
	objectVersion = 50;
	objects = {

/* Begin PBXBuildFile section */
		D550ACB825E00AC500404A8B /* AppDelegate.swift in Sources */ = {isa = PBXBuildFile; fileRef = D550ACB725E00AC500404A8B /* AppDelegate.swift */; };
		D550ACBA25E00AC500404A8B /* SceneDelegate.swift in Sources */ = {isa = PBXBuildFile; fileRef = D550ACB925E00AC500404A8B /* SceneDelegate.swift */; };
		D550ACBC25E00AC500404A8B /* ViewController.swift in Sources */ = {isa = PBXBuildFile; fileRef = D550ACBB25E00AC500404A8B /* ViewController.swift */; };
		D550ACBF25E00AC600404A8B /* Main.storyboard in Resources */ = {isa = PBXBuildFile; fileRef = D550ACBD25E00AC600404A8B /* Main.storyboard */; };
		D550ACC125E00AE000404A8B /* Assets.xcassets in Resources */ = {isa = PBXBuildFile; fileRef = D550ACC025E00AE000404A8B /* Assets.xcassets */; };
		D550ACC425E00AE000404A8B /* LaunchScreen.storyboard in Resources */ = {isa = PBXBuildFile; fileRef = D550ACC225E00AE000404A8B /* LaunchScreen.storyboard */; };
		D550ACCF25E00AE100404A8B /* HelloWorld_Tests.swift in Sources */ = {isa = PBXBuildFile; fileRef = D550ACCE25E00AE100404A8B /* HelloWorld_Tests.swift */; };
		D550ACDA25E00AE100404A8B /* HelloWorld_UITests.swift in Sources */ = {isa = PBXBuildFile; fileRef = D550ACD925E00AE100404A8B /* HelloWorld_UITests.swift */; };
/* End PBXBuildFile section */

/* Begin PBXContainerItemProxy section */
		D550ACCB25E00AE100404A8B /* PBXContainerItemProxy */ = {
			isa = PBXContainerItemProxy;
			containerPortal = D550ACAC25E00AC500404A8B /* Project object */;
			proxyType = 1;
			remoteGlobalIDString = D550ACB325E00AC500404A8B;
			remoteInfo = "HelloWorld!";
		};
		D550ACD625E00AE100404A8B /* PBXContainerItemProxy */ = {
			isa = PBXContainerItemProxy;
			containerPortal = D550ACAC25E00AC500404A8B /* Project object */;
			proxyType = 1;
			remoteGlobalIDString = D550ACB325E00AC500404A8B;
			remoteInfo = "HelloWorld!";
		};
/* End PBXContainerItemProxy section */

/* Begin PBXFileReference section */
		D550ACB425E00AC500404A8B /* HelloWorld!.app */ = {isa = PBXFileReference; explicitFileType = wrapper.application; includeInIndex = 0; path = "HelloWorld!.app"; sourceTree = BUILT_PRODUCTS_DIR; };
		D550ACB725E00AC500404A8B /* AppDelegate.swift */ = {isa = PBXFileReference; lastKnownFileType = sourcecode.swift; path = AppDelegate.swift; sourceTree = "<group>"; };
		D550ACB925E00AC500404A8B /* SceneDelegate.swift */ = {isa = PBXFileReference; lastKnownFileType = sourcecode.swift; path = SceneDelegate.swift; sourceTree = "<group>"; };
		D550ACBB25E00AC500404A8B /* ViewController.swift */ = {isa = PBXFileReference; lastKnownFileType = sourcecode.swift; path = ViewController.swift; sourceTree = "<group>"; };
		D550ACBE25E00AC600404A8B /* Base */ = {isa = PBXFileReference; lastKnownFileType = file.storyboard; name = Base; path = Base.lproj/Main.storyboard; sourceTree = "<group>"; };
		D550ACC025E00AE000404A8B /* Assets.xcassets */ = {isa = PBXFileReference; lastKnownFileType = folder.assetcatalog; path = Assets.xcassets; sourceTree = "<group>"; };
		D550ACC325E00AE000404A8B /* Base */ = {isa = PBXFileReference; lastKnownFileType = file.storyboard; name = Base; path = Base.lproj/LaunchScreen.storyboard; sourceTree = "<group>"; };
		D550ACC525E00AE000404A8B /* Info.plist */ = {isa = PBXFileReference; lastKnownFileType = text.plist.xml; path = Info.plist; sourceTree = "<group>"; };
		D550ACCA25E00AE100404A8B /* HelloWorld!Tests.xctest */ = {isa = PBXFileReference; explicitFileType = wrapper.cfbundle; includeInIndex = 0; path = "HelloWorld!Tests.xctest"; sourceTree = BUILT_PRODUCTS_DIR; };
		D550ACCE25E00AE100404A8B /* HelloWorld_Tests.swift */ = {isa = PBXFileReference; lastKnownFileType = sourcecode.swift; path = HelloWorld_Tests.swift; sourceTree = "<group>"; };
		D550ACD025E00AE100404A8B /* Info.plist */ = {isa = PBXFileReference; lastKnownFileType = text.plist.xml; path = Info.plist; sourceTree = "<group>"; };
		D550ACD525E00AE100404A8B /* HelloWorld!UITests.xctest */ = {isa = PBXFileReference; explicitFileType = wrapper.cfbundle; includeInIndex = 0; path = "HelloWorld!UITests.xctest"; sourceTree = BUILT_PRODUCTS_DIR; };
		D550ACD925E00AE100404A8B /* HelloWorld_UITests.swift */ = {isa = PBXFileReference; lastKnownFileType = sourcecode.swift; path = HelloWorld_UITests.swift; sourceTree = "<group>"; };
		D550ACDB25E00AE100404A8B /* Info.plist */ = {isa = PBXFileReference; lastKnownFileType = text.plist.xml; path = Info.plist; sourceTree = "<group>"; };
/* End PBXFileReference section */

/* Begin PBXFrameworksBuildPhase section */
		D550ACB125E00AC500404A8B /* Frameworks */ = {
			isa = PBXFrameworksBuildPhase;
			buildActionMask = 2147483647;
			files = (
			);
			runOnlyForDeploymentPostprocessing = 0;
		};
		D550ACC725E00AE100404A8B /* Frameworks */ = {
			isa = PBXFrameworksBuildPhase;
			buildActionMask = 2147483647;
			files = (
			);
			runOnlyForDeploymentPostprocessing = 0;
		};
		D550ACD225E00AE100404A8B /* Frameworks */ = {
			isa = PBXFrameworksBuildPhase;
			buildActionMask = 2147483647;
			files = (
			);
			runOnlyForDeploymentPostprocessing = 0;
		};
/* End PBXFrameworksBuildPhase section */

/* Begin PBXGroup section */
		D550ACAB25E00AC500404A8B = {
			isa = PBXGroup;
			children = (
				D550ACB625E00AC500404A8B /* HelloWorld! */,
				D550ACCD25E00AE100404A8B /* HelloWorld!Tests */,
				D550ACD825E00AE100404A8B /* HelloWorld!UITests */,
				D550ACB525E00AC500404A8B /* Products */,
			);
			sourceTree = "<group>";
		};
		D550ACB525E00AC500404A8B /* Products */ = {
			isa = PBXGroup;
			children = (
				D550ACB425E00AC500404A8B /* HelloWorld!.app */,
				D550ACCA25E00AE100404A8B /* HelloWorld!Tests.xctest */,
				D550ACD525E00AE100404A8B /* HelloWorld!UITests.xctest */,
			);
			name = Products;
			sourceTree = "<group>";
		};
		D550ACB625E00AC500404A8B /* HelloWorld! */ = {
			isa = PBXGroup;
			children = (
				D550ACB725E00AC500404A8B /* AppDelegate.swift */,
				D550ACB925E00AC500404A8B /* SceneDelegate.swift */,
				D550ACBB25E00AC500404A8B /* ViewController.swift */,
				D550ACBD25E00AC600404A8B /* Main.storyboard */,
				D550ACC025E00AE000404A8B /* Assets.xcassets */,
				D550ACC225E00AE000404A8B /* LaunchScreen.storyboard */,
				D550ACC525E00AE000404A8B /* Info.plist */,
			);
			path = "HelloWorld!";
			sourceTree = "<group>";
		};
		D550ACCD25E00AE100404A8B /* HelloWorld!Tests */ = {
			isa = PBXGroup;
			children = (
				D550ACCE25E00AE100404A8B /* HelloWorld_Tests.swift */,
				D550ACD025E00AE100404A8B /* Info.plist */,
			);
			path = "HelloWorld!Tests";
			sourceTree = "<group>";
		};
		D550ACD825E00AE100404A8B /* HelloWorld!UITests */ = {
			isa = PBXGroup;
			children = (
				D550ACD925E00AE100404A8B /* HelloWorld_UITests.swift */,
				D550ACDB25E00AE100404A8B /* Info.plist */,
			);
			path = "HelloWorld!UITests";
			sourceTree = "<group>";
		};
/* End PBXGroup section */

/* Begin PBXNativeTarget section */
		D550ACB325E00AC500404A8B /* HelloWorld! */ = {
			isa = PBXNativeTarget;
			buildConfigurationList = D550ACDE25E00AE100404A8B /* Build configuration list for PBXNativeTarget "HelloWorld!" */;
			buildPhases = (
				D550ACB025E00AC500404A8B /* Sources */,
				D550ACB125E00AC500404A8B /* Frameworks */,
				D550ACB225E00AC500404A8B /* Resources */,
			);
			buildRules = (
			);
			dependencies = (
			);
			name = "HelloWorld!";
			productName = "HelloWorld!";
			productReference = D550ACB425E00AC500404A8B /* HelloWorld!.app */;
			productType = "com.apple.product-type.application";
		};
		D550ACC925E00AE100404A8B /* HelloWorld!Tests */ = {
			isa = PBXNativeTarget;
			buildConfigurationList = D550ACE125E00AE100404A8B /* Build configuration list for PBXNativeTarget "HelloWorld!Tests" */;
			buildPhases = (
				D550ACC625E00AE100404A8B /* Sources */,
				D550ACC725E00AE100404A8B /* Frameworks */,
				D550ACC825E00AE100404A8B /* Resources */,
			);
			buildRules = (
			);
			dependencies = (
				D550ACCC25E00AE100404A8B /* PBXTargetDependency */,
			);
			name = "HelloWorld!Tests";
			productName = "HelloWorld!Tests";
			productReference = D550ACCA25E00AE100404A8B /* HelloWorld!Tests.xctest */;
			productType = "com.apple.product-type.bundle.unit-test";
		};
		D550ACD425E00AE100404A8B /* HelloWorld!UITests */ = {
			isa = PBXNativeTarget;
			buildConfigurationList = D550ACE425E00AE100404A8B /* Build configuration list for PBXNativeTarget "HelloWorld!UITests" */;
			buildPhases = (
				D550ACD125E00AE100404A8B /* Sources */,
				D550ACD225E00AE100404A8B /* Frameworks */,
				D550ACD325E00AE100404A8B /* Resources */,
			);
			buildRules = (
			);
			dependencies = (
				D550ACD725E00AE100404A8B /* PBXTargetDependency */,
			);
			name = "HelloWorld!UITests";
			productName = "HelloWorld!UITests";
			productReference = D550ACD525E00AE100404A8B /* HelloWorld!UITests.xctest */;
			productType = "com.apple.product-type.bundle.ui-testing";
		};
/* End PBXNativeTarget section */

/* Begin PBXProject section */
		D550ACAC25E00AC500404A8B /* Project object */ = {
			isa = PBXProject;
			attributes = {
				LastSwiftUpdateCheck = 1240;
				LastUpgradeCheck = 1240;
				TargetAttributes = {
					D550ACB325E00AC500404A8B = {
						CreatedOnToolsVersion = 12.4;
					};
					D550ACC925E00AE100404A8B = {
						CreatedOnToolsVersion = 12.4;
						TestTargetID = D550ACB325E00AC500404A8B;
					};
					D550ACD425E00AE100404A8B = {
						CreatedOnToolsVersion = 12.4;
						TestTargetID = D550ACB325E00AC500404A8B;
					};
				};
			};
			buildConfigurationList = D550ACAF25E00AC500404A8B /* Build configuration list for PBXProject "HelloWorld!" */;
			compatibilityVersion = "Xcode 9.3";
			developmentRegion = en;
			hasScannedForEncodings = 0;
			knownRegions = (
				en,
				Base,
			);
			mainGroup = D550ACAB25E00AC500404A8B;
			productRefGroup = D550ACB525E00AC500404A8B /* Products */;
			projectDirPath = "";
			projectRoot = "";
			targets = (
				D550ACB325E00AC500404A8B /* HelloWorld! */,
				D550ACC925E00AE100404A8B /* HelloWorld!Tests */,
				D550ACD425E00AE100404A8B /* HelloWorld!UITests */,
			);
		};
/* End PBXProject section */

/* Begin PBXResourcesBuildPhase section */
		D550ACB225E00AC500404A8B /* Resources */ = {
			isa = PBXResourcesBuildPhase;
			buildActionMask = 2147483647;
			files = (
				D550ACC425E00AE000404A8B /* LaunchScreen.storyboard in Resources */,
				D550ACC125E00AE000404A8B /* Assets.xcassets in Resources */,
				D550ACBF25E00AC600404A8B /* Main.storyboard in Resources */,
			);
			runOnlyForDeploymentPostprocessing = 0;
		};
		D550ACC825E00AE100404A8B /* Resources */ = {
			isa = PBXResourcesBuildPhase;
			buildActionMask = 2147483647;
			files = (
			);
			runOnlyForDeploymentPostprocessing = 0;
		};
		D550ACD325E00AE100404A8B /* Resources */ = {
			isa = PBXResourcesBuildPhase;
			buildActionMask = 2147483647;
			files = (
			);
			runOnlyForDeploymentPostprocessing = 0;
		};
/* End PBXResourcesBuildPhase section */

/* Begin PBXSourcesBuildPhase section */
		D550ACB025E00AC500404A8B /* Sources */ = {
			isa = PBXSourcesBuildPhase;
			buildActionMask = 2147483647;
			files = (
				D550ACBC25E00AC500404A8B /* ViewController.swift in Sources */,
				D550ACB825E00AC500404A8B /* AppDelegate.swift in Sources */,
				D550ACBA25E00AC500404A8B /* SceneDelegate.swift in Sources */,
			);
			runOnlyForDeploymentPostprocessing = 0;
		};
		D550ACC625E00AE100404A8B /* Sources */ = {
			isa = PBXSourcesBuildPhase;
			buildActionMask = 2147483647;
			files = (
				D550ACCF25E00AE100404A8B /* HelloWorld_Tests.swift in Sources */,
			);
			runOnlyForDeploymentPostprocessing = 0;
		};
		D550ACD125E00AE100404A8B /* Sources */ = {
			isa = PBXSourcesBuildPhase;
			buildActionMask = 2147483647;
			files = (
				D550ACDA25E00AE100404A8B /* HelloWorld_UITests.swift in Sources */,
			);
			runOnlyForDeploymentPostprocessing = 0;
		};
/* End PBXSourcesBuildPhase section */

/* Begin PBXTargetDependency section */
		D550ACCC25E00AE100404A8B /* PBXTargetDependency */ = {
			isa = PBXTargetDependency;
			target = D550ACB325E00AC500404A8B /* HelloWorld! */;
			targetProxy = D550ACCB25E00AE100404A8B /* PBXContainerItemProxy */;
		};
		D550ACD725E00AE100404A8B /* PBXTargetDependency */ = {
			isa = PBXTargetDependency;
			target = D550ACB325E00AC500404A8B /* HelloWorld! */;
			targetProxy = D550ACD625E00AE100404A8B /* PBXContainerItemProxy */;
		};
/* End PBXTargetDependency section */

/* Begin PBXVariantGroup section */
		D550ACBD25E00AC600404A8B /* Main.storyboard */ = {
			isa = PBXVariantGroup;
			children = (
				D550ACBE25E00AC600404A8B /* Base */,
			);
			name = Main.storyboard;
			sourceTree = "<group>";
		};
		D550ACC225E00AE000404A8B /* LaunchScreen.storyboard */ = {
			isa = PBXVariantGroup;
			children = (
				D550ACC325E00AE000404A8B /* Base */,
			);
			name = LaunchScreen.storyboard;
			sourceTree = "<group>";
		};
/* End PBXVariantGroup section */

/* Begin XCBuildConfiguration section */
		D550ACDC25E00AE100404A8B /* Debug */ = {
			isa = XCBuildConfiguration;
			buildSettings = {
				ALWAYS_SEARCH_USER_PATHS = NO;
				CLANG_ANALYZER_NONNULL = YES;
				CLANG_ANALYZER_NUMBER_OBJECT_CONVERSION = YES_AGGRESSIVE;
				CLANG_CXX_LANGUAGE_STANDARD = "gnu++14";
				CLANG_CXX_LIBRARY = "libc++";
				CLANG_ENABLE_MODULES = YES;
				CLANG_ENABLE_OBJC_ARC = YES;
				CLANG_ENABLE_OBJC_WEAK = YES;
				CLANG_WARN_BLOCK_CAPTURE_AUTORELEASING = YES;
				CLANG_WARN_BOOL_CONVERSION = YES;
				CLANG_WARN_COMMA = YES;
				CLANG_WARN_CONSTANT_CONVERSION = YES;
				CLANG_WARN_DEPRECATED_OBJC_IMPLEMENTATIONS = YES;
				CLANG_WARN_DIRECT_OBJC_ISA_USAGE = YES_ERROR;
				CLANG_WARN_DOCUMENTATION_COMMENTS = YES;
				CLANG_WARN_EMPTY_BODY = YES;
				CLANG_WARN_ENUM_CONVERSION = YES;
				CLANG_WARN_INFINITE_RECURSION = YES;
				CLANG_WARN_INT_CONVERSION = YES;
				CLANG_WARN_NON_LITERAL_NULL_CONVERSION = YES;
				CLANG_WARN_OBJC_IMPLICIT_RETAIN_SELF = YES;
				CLANG_WARN_OBJC_LITERAL_CONVERSION = YES;
				CLANG_WARN_OBJC_ROOT_CLASS = YES_ERROR;
				CLANG_WARN_QUOTED_INCLUDE_IN_FRAMEWORK_HEADER = YES;
				CLANG_WARN_RANGE_LOOP_ANALYSIS = YES;
				CLANG_WARN_STRICT_PROTOTYPES = YES;
				CLANG_WARN_SUSPICIOUS_MOVE = YES;
				CLANG_WARN_UNGUARDED_AVAILABILITY = YES_AGGRESSIVE;
				CLANG_WARN_UNREACHABLE_CODE = YES;
				CLANG_WARN__DUPLICATE_METHOD_MATCH = YES;
				COPY_PHASE_STRIP = NO;
				DEBUG_INFORMATION_FORMAT = dwarf;
				ENABLE_STRICT_OBJC_MSGSEND = YES;
				ENABLE_TESTABILITY = YES;
				GCC_C_LANGUAGE_STANDARD = gnu11;
				GCC_DYNAMIC_NO_PIC = NO;
				GCC_NO_COMMON_BLOCKS = YES;
				GCC_OPTIMIZATION_LEVEL = 0;
				GCC_PREPROCESSOR_DEFINITIONS = (
					"DEBUG=1",
					"$(inherited)",
				);
				GCC_WARN_64_TO_32_BIT_CONVERSION = YES;
				GCC_WARN_ABOUT_RETURN_TYPE = YES_ERROR;
				GCC_WARN_UNDECLARED_SELECTOR = YES;
				GCC_WARN_UNINITIALIZED_AUTOS = YES_AGGRESSIVE;
				GCC_WARN_UNUSED_FUNCTION = YES;
				GCC_WARN_UNUSED_VARIABLE = YES;
				IPHONEOS_DEPLOYMENT_TARGET = 14.4;
				MTL_ENABLE_DEBUG_INFO = INCLUDE_SOURCE;
				MTL_FAST_MATH = YES;
				ONLY_ACTIVE_ARCH = YES;
				SDKROOT = iphoneos;
				SWIFT_ACTIVE_COMPILATION_CONDITIONS = DEBUG;
				SWIFT_OPTIMIZATION_LEVEL = "-Onone";
			};
			name = Debug;
		};
		D550ACDD25E00AE100404A8B /* Release */ = {
			isa = XCBuildConfiguration;
			buildSettings = {
				ALWAYS_SEARCH_USER_PATHS = NO;
				CLANG_ANALYZER_NONNULL = YES;
				CLANG_ANALYZER_NUMBER_OBJECT_CONVERSION = YES_AGGRESSIVE;
				CLANG_CXX_LANGUAGE_STANDARD = "gnu++14";
				CLANG_CXX_LIBRARY = "libc++";
				CLANG_ENABLE_MODULES = YES;
				CLANG_ENABLE_OBJC_ARC = YES;
				CLANG_ENABLE_OBJC_WEAK = YES;
				CLANG_WARN_BLOCK_CAPTURE_AUTORELEASING = YES;
				CLANG_WARN_BOOL_CONVERSION = YES;
				CLANG_WARN_COMMA = YES;
				CLANG_WARN_CONSTANT_CONVERSION = YES;
				CLANG_WARN_DEPRECATED_OBJC_IMPLEMENTATIONS = YES;
				CLANG_WARN_DIRECT_OBJC_ISA_USAGE = YES_ERROR;
				CLANG_WARN_DOCUMENTATION_COMMENTS = YES;
				CLANG_WARN_EMPTY_BODY = YES;
				CLANG_WARN_ENUM_CONVERSION = YES;
				CLANG_WARN_INFINITE_RECURSION = YES;
				CLANG_WARN_INT_CONVERSION = YES;
				CLANG_WARN_NON_LITERAL_NULL_CONVERSION = YES;
				CLANG_WARN_OBJC_IMPLICIT_RETAIN_SELF = YES;
				CLANG_WARN_OBJC_LITERAL_CONVERSION = YES;
				CLANG_WARN_OBJC_ROOT_CLASS = YES_ERROR;
				CLANG_WARN_QUOTED_INCLUDE_IN_FRAMEWORK_HEADER = YES;
				CLANG_WARN_RANGE_LOOP_ANALYSIS = YES;
				CLANG_WARN_STRICT_PROTOTYPES = YES;
				CLANG_WARN_SUSPICIOUS_MOVE = YES;
				CLANG_WARN_UNGUARDED_AVAILABILITY = YES_AGGRESSIVE;
				CLANG_WARN_UNREACHABLE_CODE = YES;
				CLANG_WARN__DUPLICATE_METHOD_MATCH = YES;
				COPY_PHASE_STRIP = NO;
				DEBUG_INFORMATION_FORMAT = "dwarf-with-dsym";
				ENABLE_NS_ASSERTIONS = NO;
				ENABLE_STRICT_OBJC_MSGSEND = YES;
				GCC_C_LANGUAGE_STANDARD = gnu11;
				GCC_NO_COMMON_BLOCKS = YES;
				GCC_WARN_64_TO_32_BIT_CONVERSION = YES;
				GCC_WARN_ABOUT_RETURN_TYPE = YES_ERROR;
				GCC_WARN_UNDECLARED_SELECTOR = YES;
				GCC_WARN_UNINITIALIZED_AUTOS = YES_AGGRESSIVE;
				GCC_WARN_UNUSED_FUNCTION = YES;
				GCC_WARN_UNUSED_VARIABLE = YES;
				IPHONEOS_DEPLOYMENT_TARGET = 14.4;
				MTL_ENABLE_DEBUG_INFO = NO;
				MTL_FAST_MATH = YES;
				SDKROOT = iphoneos;
				SWIFT_COMPILATION_MODE = wholemodule;
				SWIFT_OPTIMIZATION_LEVEL = "-O";
				VALIDATE_PRODUCT = YES;
			};
			name = Release;
		};
		D550ACDF25E00AE100404A8B /* Debug */ = {
			isa = XCBuildConfiguration;
			buildSettings = {
				ASSETCATALOG_COMPILER_APPICON_NAME = AppIcon;
				ASSETCATALOG_COMPILER_GLOBAL_ACCENT_COLOR_NAME = AccentColor;
				CODE_SIGN_STYLE = Automatic;
				DEVELOPMENT_TEAM = 46379VW447;
				INFOPLIST_FILE = "HelloWorld!/Info.plist";
				LD_RUNPATH_SEARCH_PATHS = (
					"$(inherited)",
					"@executable_path/Frameworks",
				);
				PRODUCT_BUNDLE_IDENTIFIER = "edu.binghamton.HelloWorld-";
				PRODUCT_NAME = "$(TARGET_NAME)";
				SWIFT_VERSION = 5.0;
				TARGETED_DEVICE_FAMILY = "1,2";
			};
			name = Debug;
		};
		D550ACE025E00AE100404A8B /* Release */ = {
			isa = XCBuildConfiguration;
			buildSettings = {
				ASSETCATALOG_COMPILER_APPICON_NAME = AppIcon;
				ASSETCATALOG_COMPILER_GLOBAL_ACCENT_COLOR_NAME = AccentColor;
				CODE_SIGN_STYLE = Automatic;
				DEVELOPMENT_TEAM = 46379VW447;
				INFOPLIST_FILE = "HelloWorld!/Info.plist";
				LD_RUNPATH_SEARCH_PATHS = (
					"$(inherited)",
					"@executable_path/Frameworks",
				);
				PRODUCT_BUNDLE_IDENTIFIER = "edu.binghamton.HelloWorld-";
				PRODUCT_NAME = "$(TARGET_NAME)";
				SWIFT_VERSION = 5.0;
				TARGETED_DEVICE_FAMILY = "1,2";
			};
			name = Release;
		};
		D550ACE225E00AE100404A8B /* Debug */ = {
			isa = XCBuildConfiguration;
			buildSettings = {
				ALWAYS_EMBED_SWIFT_STANDARD_LIBRARIES = YES;
				BUNDLE_LOADER = "$(TEST_HOST)";
				CODE_SIGN_STYLE = Automatic;
				DEVELOPMENT_TEAM = 46379VW447;
				INFOPLIST_FILE = "HelloWorld!Tests/Info.plist";
				IPHONEOS_DEPLOYMENT_TARGET = 14.4;
				LD_RUNPATH_SEARCH_PATHS = (
					"$(inherited)",
					"@executable_path/Frameworks",
					"@loader_path/Frameworks",
				);
				PRODUCT_BUNDLE_IDENTIFIER = "edu.binghamton.HelloWorld-Tests";
				PRODUCT_NAME = "$(TARGET_NAME)";
				SWIFT_VERSION = 5.0;
				TARGETED_DEVICE_FAMILY = "1,2";
				TEST_HOST = "$(BUILT_PRODUCTS_DIR)/HelloWorld!.app/HelloWorld!";
			};
			name = Debug;
		};
		D550ACE325E00AE100404A8B /* Release */ = {
			isa = XCBuildConfiguration;
			buildSettings = {
				ALWAYS_EMBED_SWIFT_STANDARD_LIBRARIES = YES;
				BUNDLE_LOADER = "$(TEST_HOST)";
				CODE_SIGN_STYLE = Automatic;
				DEVELOPMENT_TEAM = 46379VW447;
				INFOPLIST_FILE = "HelloWorld!Tests/Info.plist";
				IPHONEOS_DEPLOYMENT_TARGET = 14.4;
				LD_RUNPATH_SEARCH_PATHS = (
					"$(inherited)",
					"@executable_path/Frameworks",
					"@loader_path/Frameworks",
				);
				PRODUCT_BUNDLE_IDENTIFIER = "edu.binghamton.HelloWorld-Tests";
				PRODUCT_NAME = "$(TARGET_NAME)";
				SWIFT_VERSION = 5.0;
				TARGETED_DEVICE_FAMILY = "1,2";
				TEST_HOST = "$(BUILT_PRODUCTS_DIR)/HelloWorld!.app/HelloWorld!";
			};
			name = Release;
		};
		D550ACE525E00AE100404A8B /* Debug */ = {
			isa = XCBuildConfiguration;
			buildSettings = {
				ALWAYS_EMBED_SWIFT_STANDARD_LIBRARIES = YES;
				CODE_SIGN_STYLE = Automatic;
				DEVELOPMENT_TEAM = 46379VW447;
				INFOPLIST_FILE = "HelloWorld!UITests/Info.plist";
				LD_RUNPATH_SEARCH_PATHS = (
					"$(inherited)",
					"@executable_path/Frameworks",
					"@loader_path/Frameworks",
				);
				PRODUCT_BUNDLE_IDENTIFIER = "edu.binghamton.HelloWorld-UITests";
				PRODUCT_NAME = "$(TARGET_NAME)";
				SWIFT_VERSION = 5.0;
				TARGETED_DEVICE_FAMILY = "1,2";
				TEST_TARGET_NAME = "HelloWorld!";
			};
			name = Debug;
		};
		D550ACE625E00AE100404A8B /* Release */ = {
			isa = XCBuildConfiguration;
			buildSettings = {
				ALWAYS_EMBED_SWIFT_STANDARD_LIBRARIES = YES;
				CODE_SIGN_STYLE = Automatic;
				DEVELOPMENT_TEAM = 46379VW447;
				INFOPLIST_FILE = "HelloWorld!UITests/Info.plist";
				LD_RUNPATH_SEARCH_PATHS = (
					"$(inherited)",
					"@executable_path/Frameworks",
					"@loader_path/Frameworks",
				);
				PRODUCT_BUNDLE_IDENTIFIER = "edu.binghamton.HelloWorld-UITests";
				PRODUCT_NAME = "$(TARGET_NAME)";
				SWIFT_VERSION = 5.0;
				TARGETED_DEVICE_FAMILY = "1,2";
				TEST_TARGET_NAME = "HelloWorld!";
			};
			name = Release;
		};
/* End XCBuildConfiguration section */

/* Begin XCConfigurationList section */
		D550ACAF25E00AC500404A8B /* Build configuration list for PBXProject "HelloWorld!" */ = {
			isa = XCConfigurationList;
			buildConfigurations = (
				D550ACDC25E00AE100404A8B /* Debug */,
				D550ACDD25E00AE100404A8B /* Release */,
			);
			defaultConfigurationIsVisible = 0;
			defaultConfigurationName = Release;
		};
		D550ACDE25E00AE100404A8B /* Build configuration list for PBXNativeTarget "HelloWorld!" */ = {
			isa = XCConfigurationList;
			buildConfigurations = (
				D550ACDF25E00AE100404A8B /* Debug */,
				D550ACE025E00AE100404A8B /* Release */,
			);
			defaultConfigurationIsVisible = 0;
			defaultConfigurationName = Release;
		};
		D550ACE125E00AE100404A8B /* Build configuration list for PBXNativeTarget "HelloWorld!Tests" */ = {
			isa = XCConfigurationList;
			buildConfigurations = (
				D550ACE225E00AE100404A8B /* Debug */,
				D550ACE325E00AE100404A8B /* Release */,
			);
			defaultConfigurationIsVisible = 0;
			defaultConfigurationName = Release;
		};
		D550ACE425E00AE100404A8B /* Build configuration list for PBXNativeTarget "HelloWorld!UITests" */ = {
			isa = XCConfigurationList;
			buildConfigurations = (
				D550ACE525E00AE100404A8B /* Debug */,
				D550ACE625E00AE100404A8B /* Release */,
			);
			defaultConfigurationIsVisible = 0;
			defaultConfigurationName = Release;
		};
/* End XCConfigurationList section */
	};
	rootObject = D550ACAC25E00AC500404A8B /* Project object */;
}
